
Microsoft Visual Studio Solution File, Format Version 12.00
# Visual Studio Version 17
VisualStudioVersion = 17.5.33516.290
MinimumVisualStudioVersion = 10.0.40219.1
Project("{9A19103F-16F7-4668-BE54-9A1E7A4F7556}") = "PrjSuperExample", "PrjSuperExample\PrjSuperExample.csproj", "{231A5BDB-B52E-426C-9931-FF3784776D2F}"
EndProject
Project("{9A19103F-16F7-4668-BE54-9A1E7A4F7556}") = "Models", "Models\Models.csproj", "{B6BC3ED0-42BB-4787-A841-DF079D91B2B2}"
EndProject
Project("{9A19103F-16F7-4668-BE54-9A1E7A4F7556}") = "Repositories", "Repositories\Repositories.csproj", "{6352B90B-3C6A-47F3-BD87-4B3505B50179}"
EndProject
Global
	GlobalSection(SolutionConfigurationPlatforms) = preSolution
		Debug|Any CPU = Debug|Any CPU
		Release|Any CPU = Release|Any CPU
	EndGlobalSection
	GlobalSection(ProjectConfigurationPlatforms) = postSolution
		{231A5BDB-B52E-426C-9931-FF3784776D2F}.Debug|Any CPU.ActiveCfg = Debug|Any CPU
		{231A5BDB-B52E-426C-9931-FF3784776D2F}.Debug|Any CPU.Build.0 = Debug|Any CPU
		{231A5BDB-B52E-426C-9931-FF3784776D2F}.Release|Any CPU.ActiveCfg = Release|Any CPU
		{231A5BDB-B52E-426C-9931-FF3784776D2F}.Release|Any CPU.Build.0 = Release|Any CPU
		{B6BC3ED0-42BB-4787-A841-DF079D91B2B2}.Debug|Any CPU.ActiveCfg = Debug|Any CPU
		{B6BC3ED0-42BB-4787-A841-DF079D91B2B2}.Debug|Any CPU.Build.0 = Debug|Any CPU
		{B6BC3ED0-42BB-4787-A841-DF079D91B2B2}.Release|Any CPU.ActiveCfg = Release|Any CPU
		{B6BC3ED0-42BB-4787-A841-DF079D91B2B2}.Release|Any CPU.Build.0 = Release|Any CPU
		{6352B90B-3C6A-47F3-BD87-4B3505B50179}.Debug|Any CPU.ActiveCfg = Debug|Any CPU
		{6352B90B-3C6A-47F3-BD87-4B3505B50179}.Debug|Any CPU.Build.0 = Debug|Any CPU
		{6352B90B-3C6A-47F3-BD87-4B3505B50179}.Release|Any CPU.ActiveCfg = Release|Any CPU
		{6352B90B-3C6A-47F3-BD87-4B3505B50179}.Release|Any CPU.Build.0 = Release|Any CPU
	EndGlobalSection
	GlobalSection(SolutionProperties) = preSolution
		HideSolutionNode = FALSE
	EndGlobalSection
	GlobalSection(ExtensibilityGlobals) = postSolution
		SolutionGuid = {E3D7E6F4-5390-4D02-8636-3E4AE287B72C}
	EndGlobalSection
EndGlobal
